
Microsoft Visual Studio Solution File, Format Version 12.00
# Visual Studio 15
VisualStudioVersion = 15.0.27004.2009
MinimumVisualStudioVersion = 10.0.40219.1
Project("{9A19103F-16F7-4668-BE54-9A1E7A4F7556}") = "CdcTools.CdcReader", "src\CdcTools.CdcReader\CdcTools.CdcReader.csproj", "{711D5F45-D094-4D7D-BA4D-621094FAE31C}"
EndProject
Project("{2150E333-8FDC-42A3-9474-1A3956D46DE8}") = "Common", "Common", "{40662B41-C13C-4E3B-9316-E6F943F25104}"
EndProject
Project("{9A19103F-16F7-4668-BE54-9A1E7A4F7556}") = "CdcTools.SqlToAvro", "src\CdcTools.SqlToAvro\CdcTools.SqlToAvro.csproj", "{979F5FD5-900A-4710-9AB6-D565EFA41EBB}"
EndProject
Project("{9A19103F-16F7-4668-BE54-9A1E7A4F7556}") = "CdcTools.CdcToKafka.Streaming", "src\CdcTool.CdcToKafka.Streaming\CdcTools.CdcToKafka.Streaming.csproj", "{454ADC46-0951-46A5-9AF6-B52E0F4047CB}"
EndProject
Project("{9A19103F-16F7-4668-BE54-9A1E7A4F7556}") = "CdcTools.Redshift", "src\CdcTools.Redshift\CdcTools.Redshift.csproj", "{71C46BB8-5078-4369-83BF-7B70BAE564EA}"
EndProject
Project("{9A19103F-16F7-4668-BE54-9A1E7A4F7556}") = "CdcTools.KafkaToRedshift", "src\CdcTool.KafkaToRedshift\CdcTools.KafkaToRedshift.csproj", "{EC28C6BC-FD6A-4CC3-A98D-3B1633AC2D8C}"
EndProject
Global
	GlobalSection(SolutionConfigurationPlatforms) = preSolution
		Debug|Any CPU = Debug|Any CPU
		Release|Any CPU = Release|Any CPU
	EndGlobalSection
	GlobalSection(ProjectConfigurationPlatforms) = postSolution
		{711D5F45-D094-4D7D-BA4D-621094FAE31C}.Debug|Any CPU.ActiveCfg = Debug|Any CPU
		{711D5F45-D094-4D7D-BA4D-621094FAE31C}.Debug|Any CPU.Build.0 = Debug|Any CPU
		{711D5F45-D094-4D7D-BA4D-621094FAE31C}.Release|Any CPU.ActiveCfg = Release|Any CPU
		{711D5F45-D094-4D7D-BA4D-621094FAE31C}.Release|Any CPU.Build.0 = Release|Any CPU
		{979F5FD5-900A-4710-9AB6-D565EFA41EBB}.Debug|Any CPU.ActiveCfg = Debug|Any CPU
		{979F5FD5-900A-4710-9AB6-D565EFA41EBB}.Debug|Any CPU.Build.0 = Debug|Any CPU
		{979F5FD5-900A-4710-9AB6-D565EFA41EBB}.Release|Any CPU.ActiveCfg = Release|Any CPU
		{979F5FD5-900A-4710-9AB6-D565EFA41EBB}.Release|Any CPU.Build.0 = Release|Any CPU
		{454ADC46-0951-46A5-9AF6-B52E0F4047CB}.Debug|Any CPU.ActiveCfg = Debug|Any CPU
		{454ADC46-0951-46A5-9AF6-B52E0F4047CB}.Debug|Any CPU.Build.0 = Debug|Any CPU
		{454ADC46-0951-46A5-9AF6-B52E0F4047CB}.Release|Any CPU.ActiveCfg = Release|Any CPU
		{454ADC46-0951-46A5-9AF6-B52E0F4047CB}.Release|Any CPU.Build.0 = Release|Any CPU
		{71C46BB8-5078-4369-83BF-7B70BAE564EA}.Debug|Any CPU.ActiveCfg = Debug|Any CPU
		{71C46BB8-5078-4369-83BF-7B70BAE564EA}.Debug|Any CPU.Build.0 = Debug|Any CPU
		{71C46BB8-5078-4369-83BF-7B70BAE564EA}.Release|Any CPU.ActiveCfg = Release|Any CPU
		{71C46BB8-5078-4369-83BF-7B70BAE564EA}.Release|Any CPU.Build.0 = Release|Any CPU
		{EC28C6BC-FD6A-4CC3-A98D-3B1633AC2D8C}.Debug|Any CPU.ActiveCfg = Debug|Any CPU
		{EC28C6BC-FD6A-4CC3-A98D-3B1633AC2D8C}.Debug|Any CPU.Build.0 = Debug|Any CPU
		{EC28C6BC-FD6A-4CC3-A98D-3B1633AC2D8C}.Release|Any CPU.ActiveCfg = Release|Any CPU
		{EC28C6BC-FD6A-4CC3-A98D-3B1633AC2D8C}.Release|Any CPU.Build.0 = Release|Any CPU
	EndGlobalSection
	GlobalSection(SolutionProperties) = preSolution
		HideSolutionNode = FALSE
	EndGlobalSection
	GlobalSection(NestedProjects) = preSolution
		{711D5F45-D094-4D7D-BA4D-621094FAE31C} = {40662B41-C13C-4E3B-9316-E6F943F25104}
		{979F5FD5-900A-4710-9AB6-D565EFA41EBB} = {40662B41-C13C-4E3B-9316-E6F943F25104}
		{71C46BB8-5078-4369-83BF-7B70BAE564EA} = {40662B41-C13C-4E3B-9316-E6F943F25104}
	EndGlobalSection
	GlobalSection(ExtensibilityGlobals) = postSolution
		SolutionGuid = {ABE5C26C-2EA9-4826-87FB-02D217DD8B46}
	EndGlobalSection
EndGlobal
