
Microsoft Visual Studio Solution File, Format Version 12.00
# Visual Studio 15
VisualStudioVersion = 15.0.27004.2009
MinimumVisualStudioVersion = 10.0.40219.1
Project("{9A19103F-16F7-4668-BE54-9A1E7A4F7556}") = "CdcTools.CdcReader", "src\CdcTools.CdcReader\CdcTools.CdcReader.csproj", "{711D5F45-D094-4D7D-BA4D-621094FAE31C}"
EndProject
Project("{2150E333-8FDC-42A3-9474-1A3956D46DE8}") = "Common", "Common", "{40662B41-C13C-4E3B-9316-E6F943F25104}"
EndProject
Project("{9A19103F-16F7-4668-BE54-9A1E7A4F7556}") = "CdcTools.SqlToAvro", "src\CdcTools.SqlToAvro\CdcTools.SqlToAvro.csproj", "{979F5FD5-900A-4710-9AB6-D565EFA41EBB}"
EndProject
Project("{9A19103F-16F7-4668-BE54-9A1E7A4F7556}") = "CdcTools.CdcToKafka.Streaming", "src\CdcTools.CdcToKafka.Streaming\CdcTools.CdcToKafka.Streaming.csproj", "{454ADC46-0951-46A5-9AF6-B52E0F4047CB}"
EndProject
Project("{9A19103F-16F7-4668-BE54-9A1E7A4F7556}") = "CdcTools.Redshift", "src\CdcTools.Redshift\CdcTools.Redshift.csproj", "{71C46BB8-5078-4369-83BF-7B70BAE564EA}"
EndProject
Project("{9A19103F-16F7-4668-BE54-9A1E7A4F7556}") = "CdcTools.KafkaToRedshift", "src\CdcTools.KafkaToRedshift\CdcTools.KafkaToRedshift.csproj", "{EC28C6BC-FD6A-4CC3-A98D-3B1633AC2D8C}"
EndProject
Project("{9A19103F-16F7-4668-BE54-9A1E7A4F7556}") = "CdcTools.CdcToRedshift", "src\CdcTools.CdcToRedshift\CdcTools.CdcToRedshift.csproj", "{0A5DCA98-B7D3-471A-AEF8-F51CF1E04E71}"
EndProject
Project("{2150E333-8FDC-42A3-9474-1A3956D46DE8}") = "Services", "Services", "{0CF12805-C062-441B-8F46-A319085F69CF}"
EndProject
Project("{9A19103F-16F7-4668-BE54-9A1E7A4F7556}") = "CdcTools.CdcReader.Transactional", "src\CdcTools.CdcReader.Transactional\CdcTools.CdcReader.Transactional.csproj", "{B3C7C82D-5E40-41F4-846E-5C1C5874D557}"
EndProject
Project("{2150E333-8FDC-42A3-9474-1A3956D46DE8}") = "Database", "Database", "{F009633F-78D9-42CC-B6DE-8C801CD5F8F6}"
EndProject
Project("{00D1A9C2-B5F0-4AF3-8072-F6C62B433612}") = "CdcTools.CdcReader.Database", "src\CdcTools.CdcReader.Database\CdcTools.CdcReader.Database.sqlproj", "{5073F155-78C7-4576-8C56-33C6543DEFB7}"
EndProject
Global
	GlobalSection(SolutionConfigurationPlatforms) = preSolution
		Debug|Any CPU = Debug|Any CPU
		Release|Any CPU = Release|Any CPU
	EndGlobalSection
	GlobalSection(ProjectConfigurationPlatforms) = postSolution
		{711D5F45-D094-4D7D-BA4D-621094FAE31C}.Debug|Any CPU.ActiveCfg = Debug|Any CPU
		{711D5F45-D094-4D7D-BA4D-621094FAE31C}.Debug|Any CPU.Build.0 = Debug|Any CPU
		{711D5F45-D094-4D7D-BA4D-621094FAE31C}.Release|Any CPU.ActiveCfg = Release|Any CPU
		{711D5F45-D094-4D7D-BA4D-621094FAE31C}.Release|Any CPU.Build.0 = Release|Any CPU
		{979F5FD5-900A-4710-9AB6-D565EFA41EBB}.Debug|Any CPU.ActiveCfg = Debug|Any CPU
		{979F5FD5-900A-4710-9AB6-D565EFA41EBB}.Debug|Any CPU.Build.0 = Debug|Any CPU
		{979F5FD5-900A-4710-9AB6-D565EFA41EBB}.Release|Any CPU.ActiveCfg = Release|Any CPU
		{979F5FD5-900A-4710-9AB6-D565EFA41EBB}.Release|Any CPU.Build.0 = Release|Any CPU
		{454ADC46-0951-46A5-9AF6-B52E0F4047CB}.Debug|Any CPU.ActiveCfg = Debug|Any CPU
		{454ADC46-0951-46A5-9AF6-B52E0F4047CB}.Debug|Any CPU.Build.0 = Debug|Any CPU
		{454ADC46-0951-46A5-9AF6-B52E0F4047CB}.Release|Any CPU.ActiveCfg = Release|Any CPU
		{454ADC46-0951-46A5-9AF6-B52E0F4047CB}.Release|Any CPU.Build.0 = Release|Any CPU
		{71C46BB8-5078-4369-83BF-7B70BAE564EA}.Debug|Any CPU.ActiveCfg = Debug|Any CPU
		{71C46BB8-5078-4369-83BF-7B70BAE564EA}.Debug|Any CPU.Build.0 = Debug|Any CPU
		{71C46BB8-5078-4369-83BF-7B70BAE564EA}.Release|Any CPU.ActiveCfg = Release|Any CPU
		{71C46BB8-5078-4369-83BF-7B70BAE564EA}.Release|Any CPU.Build.0 = Release|Any CPU
		{EC28C6BC-FD6A-4CC3-A98D-3B1633AC2D8C}.Debug|Any CPU.ActiveCfg = Debug|Any CPU
		{EC28C6BC-FD6A-4CC3-A98D-3B1633AC2D8C}.Debug|Any CPU.Build.0 = Debug|Any CPU
		{EC28C6BC-FD6A-4CC3-A98D-3B1633AC2D8C}.Release|Any CPU.ActiveCfg = Release|Any CPU
		{EC28C6BC-FD6A-4CC3-A98D-3B1633AC2D8C}.Release|Any CPU.Build.0 = Release|Any CPU
		{0A5DCA98-B7D3-471A-AEF8-F51CF1E04E71}.Debug|Any CPU.ActiveCfg = Debug|Any CPU
		{0A5DCA98-B7D3-471A-AEF8-F51CF1E04E71}.Debug|Any CPU.Build.0 = Debug|Any CPU
		{0A5DCA98-B7D3-471A-AEF8-F51CF1E04E71}.Release|Any CPU.ActiveCfg = Release|Any CPU
		{0A5DCA98-B7D3-471A-AEF8-F51CF1E04E71}.Release|Any CPU.Build.0 = Release|Any CPU
		{B3C7C82D-5E40-41F4-846E-5C1C5874D557}.Debug|Any CPU.ActiveCfg = Debug|Any CPU
		{B3C7C82D-5E40-41F4-846E-5C1C5874D557}.Debug|Any CPU.Build.0 = Debug|Any CPU
		{B3C7C82D-5E40-41F4-846E-5C1C5874D557}.Release|Any CPU.ActiveCfg = Release|Any CPU
		{B3C7C82D-5E40-41F4-846E-5C1C5874D557}.Release|Any CPU.Build.0 = Release|Any CPU
		{5073F155-78C7-4576-8C56-33C6543DEFB7}.Debug|Any CPU.ActiveCfg = Debug|Any CPU
		{5073F155-78C7-4576-8C56-33C6543DEFB7}.Debug|Any CPU.Build.0 = Debug|Any CPU
		{5073F155-78C7-4576-8C56-33C6543DEFB7}.Debug|Any CPU.Deploy.0 = Debug|Any CPU
		{5073F155-78C7-4576-8C56-33C6543DEFB7}.Release|Any CPU.ActiveCfg = Release|Any CPU
		{5073F155-78C7-4576-8C56-33C6543DEFB7}.Release|Any CPU.Build.0 = Release|Any CPU
		{5073F155-78C7-4576-8C56-33C6543DEFB7}.Release|Any CPU.Deploy.0 = Release|Any CPU
	EndGlobalSection
	GlobalSection(SolutionProperties) = preSolution
		HideSolutionNode = FALSE
	EndGlobalSection
	GlobalSection(NestedProjects) = preSolution
		{711D5F45-D094-4D7D-BA4D-621094FAE31C} = {40662B41-C13C-4E3B-9316-E6F943F25104}
		{979F5FD5-900A-4710-9AB6-D565EFA41EBB} = {40662B41-C13C-4E3B-9316-E6F943F25104}
		{454ADC46-0951-46A5-9AF6-B52E0F4047CB} = {0CF12805-C062-441B-8F46-A319085F69CF}
		{71C46BB8-5078-4369-83BF-7B70BAE564EA} = {40662B41-C13C-4E3B-9316-E6F943F25104}
		{EC28C6BC-FD6A-4CC3-A98D-3B1633AC2D8C} = {0CF12805-C062-441B-8F46-A319085F69CF}
		{0A5DCA98-B7D3-471A-AEF8-F51CF1E04E71} = {0CF12805-C062-441B-8F46-A319085F69CF}
		{B3C7C82D-5E40-41F4-846E-5C1C5874D557} = {40662B41-C13C-4E3B-9316-E6F943F25104}
		{5073F155-78C7-4576-8C56-33C6543DEFB7} = {F009633F-78D9-42CC-B6DE-8C801CD5F8F6}
	EndGlobalSection
	GlobalSection(ExtensibilityGlobals) = postSolution
		SolutionGuid = {ABE5C26C-2EA9-4826-87FB-02D217DD8B46}
	EndGlobalSection
EndGlobal
